{
  "name": "flyos",
  "lockfileVersion": 2,
  "requires": true,
  "packages": {
    "": {
      "dependencies": {
        "xterm": "^5.2.1"
      }
    },
    "node_modules/xterm": {
      "version": "5.2.1",
      "resolved": "https://registry.npmjs.org/xterm/-/xterm-5.2.1.tgz",
      "integrity": "sha512-cs5Y1fFevgcdoh2hJROMVIWwoBHD80P1fIP79gopLHJIE4kTzzblanoivxTiQ4+92YM9IxS36H1q0MxIJXQBcA=="
    }
  },
  "dependencies": {
    "xterm": {
      "version": "5.2.1",
      "resolved": "https://registry.npmjs.org/xterm/-/xterm-5.2.1.tgz",
      "integrity": "sha512-cs5Y1fFevgcdoh2hJROMVIWwoBHD80P1fIP79gopLHJIE4kTzzblanoivxTiQ4+92YM9IxS36H1q0MxIJXQBcA=="
    }
  }
}
